
Microsoft Visual Studio Solution File, Format Version 12.00
# Visual Studio 2013
VisualStudioVersion = 12.0.30110.0
MinimumVisualStudioVersion = 10.0.40219.1
Project("{FAE04EC0-301F-11D3-BF4B-00C04F79EFBC}") = "JoomlaWPF", "JoomlaWPF\JoomlaWPF.csproj", "{44D54373-52B8-4BA6-A48F-29108D5BE842}"
EndProject
Global
	GlobalSection(SolutionConfigurationPlatforms) = preSolution
		Debug|Any CPU = Debug|Any CPU
		Release|Any CPU = Release|Any CPU
	EndGlobalSection
	GlobalSection(ProjectConfigurationPlatforms) = postSolution
		{44D54373-52B8-4BA6-A48F-29108D5BE842}.Debug|Any CPU.ActiveCfg = Debug|Any CPU
		{44D54373-52B8-4BA6-A48F-29108D5BE842}.Debug|Any CPU.Build.0 = Debug|Any CPU
		{44D54373-52B8-4BA6-A48F-29108D5BE842}.Release|Any CPU.ActiveCfg = Release|Any CPU
		{44D54373-52B8-4BA6-A48F-29108D5BE842}.Release|Any CPU.Build.0 = Release|Any CPU
	EndGlobalSection
	GlobalSection(SolutionProperties) = preSolution
		HideSolutionNode = FALSE
	EndGlobalSection
EndGlobal
